
Microsoft Visual Studio Solution File, Format Version 12.00
# Visual Studio Version 17
VisualStudioVersion = 17.5.002.0
MinimumVisualStudioVersion = 10.0.40219.1
Project("{9A19103F-16F7-4668-BE54-9A1E7A4F7556}") = "MinhaAPI", "MinhaAPI\MinhaAPI.csproj", "{7B82A5B4-5D33-41F5-B9C9-517C97EBE47B}"
EndProject
Global
	GlobalSection(SolutionConfigurationPlatforms) = preSolution
		Debug|Any CPU = Debug|Any CPU
		Release|Any CPU = Release|Any CPU
	EndGlobalSection
	GlobalSection(ProjectConfigurationPlatforms) = postSolution
		{7B82A5B4-5D33-41F5-B9C9-517C97EBE47B}.Debug|Any CPU.ActiveCfg = Debug|Any CPU
		{7B82A5B4-5D33-41F5-B9C9-517C97EBE47B}.Debug|Any CPU.Build.0 = Debug|Any CPU
		{7B82A5B4-5D33-41F5-B9C9-517C97EBE47B}.Release|Any CPU.ActiveCfg = Release|Any CPU
		{7B82A5B4-5D33-41F5-B9C9-517C97EBE47B}.Release|Any CPU.Build.0 = Release|Any CPU
	EndGlobalSection
	GlobalSection(SolutionProperties) = preSolution
		HideSolutionNode = FALSE
	EndGlobalSection
	GlobalSection(ExtensibilityGlobals) = postSolution
		SolutionGuid = {41E9A410-84AB-4010-BBB0-62B223338DA3}
	EndGlobalSection
EndGlobal
